
Microsoft Visual Studio Solution File, Format Version 12.00
# Visual Studio Version 17
VisualStudioVersion = 17.1.32319.34
MinimumVisualStudioVersion = 10.0.40219.1
Project("{9A19103F-16F7-4668-BE54-9A1E7A4F7556}") = "MeokoDesktop", "MeokoDesktop\MeokoDesktop.csproj", "{C984133D-E9C4-4A8F-AA23-AB902B14338A}"
EndProject
Project("{9A19103F-16F7-4668-BE54-9A1E7A4F7556}") = "NyaaNet", "NyaaNet\NyaaNet.csproj", "{6F990399-46BF-41BA-97EA-396DA2A12182}"
EndProject
Project("{FAE04EC0-301F-11D3-BF4B-00C04F79EFBC}") = "NyaaNetTesting", "NyaaNetTesting\NyaaNetTesting.csproj", "{D3452AE7-A9DC-43A3-9ADD-FE87AEFDA253}"
EndProject
Global
	GlobalSection(SolutionConfigurationPlatforms) = preSolution
		Debug|Any CPU = Debug|Any CPU
		Release|Any CPU = Release|Any CPU
	EndGlobalSection
	GlobalSection(ProjectConfigurationPlatforms) = postSolution
		{C984133D-E9C4-4A8F-AA23-AB902B14338A}.Debug|Any CPU.ActiveCfg = Debug|Any CPU
		{C984133D-E9C4-4A8F-AA23-AB902B14338A}.Debug|Any CPU.Build.0 = Debug|Any CPU
		{C984133D-E9C4-4A8F-AA23-AB902B14338A}.Release|Any CPU.ActiveCfg = Release|Any CPU
		{C984133D-E9C4-4A8F-AA23-AB902B14338A}.Release|Any CPU.Build.0 = Release|Any CPU
		{6F990399-46BF-41BA-97EA-396DA2A12182}.Debug|Any CPU.ActiveCfg = Debug|Any CPU
		{6F990399-46BF-41BA-97EA-396DA2A12182}.Debug|Any CPU.Build.0 = Debug|Any CPU
		{6F990399-46BF-41BA-97EA-396DA2A12182}.Release|Any CPU.ActiveCfg = Release|Any CPU
		{6F990399-46BF-41BA-97EA-396DA2A12182}.Release|Any CPU.Build.0 = Release|Any CPU
		{D3452AE7-A9DC-43A3-9ADD-FE87AEFDA253}.Debug|Any CPU.ActiveCfg = Debug|Any CPU
		{D3452AE7-A9DC-43A3-9ADD-FE87AEFDA253}.Debug|Any CPU.Build.0 = Debug|Any CPU
		{D3452AE7-A9DC-43A3-9ADD-FE87AEFDA253}.Release|Any CPU.ActiveCfg = Release|Any CPU
		{D3452AE7-A9DC-43A3-9ADD-FE87AEFDA253}.Release|Any CPU.Build.0 = Release|Any CPU
	EndGlobalSection
	GlobalSection(SolutionProperties) = preSolution
		HideSolutionNode = FALSE
	EndGlobalSection
	GlobalSection(ExtensibilityGlobals) = postSolution
		SolutionGuid = {057BD0D5-0E6B-49D5-BEF3-00783EA91ACE}
	EndGlobalSection
EndGlobal
